
Microsoft Visual Studio Solution File, Format Version 12.00
# Visual Studio 15
VisualStudioVersion = 15.0.27130.2027
MinimumVisualStudioVersion = 10.0.40219.1
Project("{FAE04EC0-301F-11D3-BF4B-00C04F79EFBC}") = "PublishEmailMessage", "PublishEmailMessage.csproj", "{3C0CF65D-5634-4334-B051-CC964695F8C5}"
EndProject
Project("{FAE04EC0-301F-11D3-BF4B-00C04F79EFBC}") = "EmailSender.Core", "..\EmailSender.RabbitMQ\EmailSender.Core\EmailSender.Core.csproj", "{7356BF16-7401-4B9F-8180-CB81876CD999}"
EndProject
Project("{FAE04EC0-301F-11D3-BF4B-00C04F79EFBC}") = "EmailSender.CommonTypes", "..\EmailSender.RabbitMQ\EmailSender.CommonTypes\EmailSender.CommonTypes.csproj", "{85280FFD-D941-43F2-B071-0D1956291FE0}"
EndProject
Global
	GlobalSection(SolutionConfigurationPlatforms) = preSolution
		Debug|Any CPU = Debug|Any CPU
		Release|Any CPU = Release|Any CPU
	EndGlobalSection
	GlobalSection(ProjectConfigurationPlatforms) = postSolution
		{3C0CF65D-5634-4334-B051-CC964695F8C5}.Debug|Any CPU.ActiveCfg = Debug|Any CPU
		{3C0CF65D-5634-4334-B051-CC964695F8C5}.Debug|Any CPU.Build.0 = Debug|Any CPU
		{3C0CF65D-5634-4334-B051-CC964695F8C5}.Release|Any CPU.ActiveCfg = Release|Any CPU
		{3C0CF65D-5634-4334-B051-CC964695F8C5}.Release|Any CPU.Build.0 = Release|Any CPU
		{7356BF16-7401-4B9F-8180-CB81876CD999}.Debug|Any CPU.ActiveCfg = Debug|Any CPU
		{7356BF16-7401-4B9F-8180-CB81876CD999}.Debug|Any CPU.Build.0 = Debug|Any CPU
		{7356BF16-7401-4B9F-8180-CB81876CD999}.Release|Any CPU.ActiveCfg = Release|Any CPU
		{7356BF16-7401-4B9F-8180-CB81876CD999}.Release|Any CPU.Build.0 = Release|Any CPU
		{85280FFD-D941-43F2-B071-0D1956291FE0}.Debug|Any CPU.ActiveCfg = Debug|Any CPU
		{85280FFD-D941-43F2-B071-0D1956291FE0}.Debug|Any CPU.Build.0 = Debug|Any CPU
		{85280FFD-D941-43F2-B071-0D1956291FE0}.Release|Any CPU.ActiveCfg = Release|Any CPU
		{85280FFD-D941-43F2-B071-0D1956291FE0}.Release|Any CPU.Build.0 = Release|Any CPU
	EndGlobalSection
	GlobalSection(SolutionProperties) = preSolution
		HideSolutionNode = FALSE
	EndGlobalSection
	GlobalSection(ExtensibilityGlobals) = postSolution
		SolutionGuid = {5351A5A5-552F-4A12-AA7A-415F501E6F1C}
	EndGlobalSection
EndGlobal
